
Microsoft Visual Studio Solution File, Format Version 12.00
# Visual Studio Version 16
VisualStudioVersion = 16.0.31605.320
MinimumVisualStudioVersion = 10.0.40219.1
Project("{8BC9CEB8-8B4A-11D0-8D11-00A0C91BC942}") = "SK-Lib-signal.h-signal-Bagian7__C", "SK-Lib-signal.h-signal-Bagian7__C\SK-Lib-signal.h-signal-Bagian7__C.vcxproj", "{AC9AD7AE-B2AA-42E4-88F0-375AD2EFBE94}"
EndProject
Global
	GlobalSection(SolutionConfigurationPlatforms) = preSolution
		Debug|x64 = Debug|x64
		Debug|x86 = Debug|x86
		Release|x64 = Release|x64
		Release|x86 = Release|x86
	EndGlobalSection
	GlobalSection(ProjectConfigurationPlatforms) = postSolution
		{AC9AD7AE-B2AA-42E4-88F0-375AD2EFBE94}.Debug|x64.ActiveCfg = Debug|x64
		{AC9AD7AE-B2AA-42E4-88F0-375AD2EFBE94}.Debug|x64.Build.0 = Debug|x64
		{AC9AD7AE-B2AA-42E4-88F0-375AD2EFBE94}.Debug|x86.ActiveCfg = Debug|Win32
		{AC9AD7AE-B2AA-42E4-88F0-375AD2EFBE94}.Debug|x86.Build.0 = Debug|Win32
		{AC9AD7AE-B2AA-42E4-88F0-375AD2EFBE94}.Release|x64.ActiveCfg = Release|x64
		{AC9AD7AE-B2AA-42E4-88F0-375AD2EFBE94}.Release|x64.Build.0 = Release|x64
		{AC9AD7AE-B2AA-42E4-88F0-375AD2EFBE94}.Release|x86.ActiveCfg = Release|Win32
		{AC9AD7AE-B2AA-42E4-88F0-375AD2EFBE94}.Release|x86.Build.0 = Release|Win32
	EndGlobalSection
	GlobalSection(SolutionProperties) = preSolution
		HideSolutionNode = FALSE
	EndGlobalSection
	GlobalSection(ExtensibilityGlobals) = postSolution
		SolutionGuid = {51C7CB68-26AA-4E18-9ACB-B5ED729D2DC3}
	EndGlobalSection
EndGlobal
